<?xml version="1.0" encoding="utf-8"?>
<Project ToolsVersion="4.0" xmlns="http://schemas.microsoft.com/developer/msbuild/2003">
  <ItemGroup>
    <Filter Include="Source Files">
      <UniqueIdentifier>{4FC737F1-C7A5-4376-A066-2A32D752A2FF}</UniqueIdentifier>
      <Extensions>cpp;c;cc;cxx;def;odl;idl;hpj;bat;asm;asmx</Extensions>
    </Filter>
    <Filter Include="Header Files">
      <UniqueIdentifier>{93995380-89BD-4b04-88EB-625FBE52EBFB}</UniqueIdentifier>
      <Extensions>h;hh;hpp;hxx;hm;inl;inc;xsd</Extensions>
    </Filter>
    <Filter Include="Resource Files">
      <UniqueIdentifier>{67DA6AB6-F800-4c08-8B7A-83BB121AAD01}</UniqueIdentifier>
      <Extensions>rc;ico;cur;bmp;dlg;rc2;rct;bin;rgs;gif;jpg;jpeg;jpe;resx;tiff;tif;png;wav;mfcribbon-ms</Extensions>
    </Filter>
  </ItemGroup>
  <ItemGroup>
    <ClInclude Include="AccountManager.h">
      <Filter>Header Files</Filter>
    </ClInclude>
    <ClInclude Include="Activity.h">
      <Filter>Header Files</Filter>
    </ClInclude>
    <ClInclude Include="BatchRunInfo.h">
      <Filter>Header Files</Filter>
    </ClInclude>
    <ClInclude Include="BootActivity.h">
      <Filter>Header Files</Filter>
    </ClInclude>
    <ClInclude Include="CJKeyin.h">
      <Filter>Header Files</Filter>
    </ClInclude>
    <ClInclude Include="CoarseSchedulerActivity.h">
      <Filter>Header Files</Filter>
    </ClInclude>
    <ClInclude Include="Configuration.h">
      <Filter>Header Files</Filter>
    </ClInclude>
    <ClInclude Include="ConsoleActivity.h">
      <Filter>Header Files</Filter>
    </ClInclude>
    <ClInclude Include="ConsoleInterface.h">
      <Filter>Header Files</Filter>
    </ClInclude>
    <ClInclude Include="ConsoleManager.h">
      <Filter>Header Files</Filter>
    </ClInclude>
    <ClInclude Include="ControlModeRunInfo.h">
      <Filter>Header Files</Filter>
    </ClInclude>
    <ClInclude Include="ControlStatementActivity.h">
      <Filter>Header Files</Filter>
    </ClInclude>
    <ClInclude Include="CSInterpreter.h">
      <Filter>Header Files</Filter>
    </ClInclude>
    <ClInclude Include="CSKeyin.h">
      <Filter>Header Files</Filter>
    </ClInclude>
    <ClInclude Include="DemandRunInfo.h">
      <Filter>Header Files</Filter>
    </ClInclude>
    <ClInclude Include="DeviceManager.h">
      <Filter>Header Files</Filter>
    </ClInclude>
    <ClInclude Include="DiskAllocationTable.h">
      <Filter>Header Files</Filter>
    </ClInclude>
    <ClInclude Include="DiskFacilityItem.h">
      <Filter>Header Files</Filter>
    </ClInclude>
    <ClInclude Include="DJKeyin.h">
      <Filter>Header Files</Filter>
    </ClInclude>
    <ClInclude Include="DNKeyin.h">
      <Filter>Header Files</Filter>
    </ClInclude>
    <ClInclude Include="DollarBangKeyin.h">
      <Filter>Header Files</Filter>
    </ClInclude>
    <ClInclude Include="DUKeyin.h">
      <Filter>Header Files</Filter>
    </ClInclude>
    <ClInclude Include="Exec.h">
      <Filter>Header Files</Filter>
    </ClInclude>
    <ClInclude Include="execlib.h">
      <Filter>Header Files</Filter>
    </ClInclude>
    <ClInclude Include="ExecManager.h">
      <Filter>Header Files</Filter>
    </ClInclude>
    <ClInclude Include="ExecRunInfo.h">
      <Filter>Header Files</Filter>
    </ClInclude>
    <ClInclude Include="ExtrinsicActivity.h">
      <Filter>Header Files</Filter>
    </ClInclude>
    <ClInclude Include="FacilitiesKeyin.h">
      <Filter>Header Files</Filter>
    </ClInclude>
    <ClInclude Include="FacilitiesManager.h">
      <Filter>Header Files</Filter>
    </ClInclude>
    <ClInclude Include="FacilityItem.h">
      <Filter>Header Files</Filter>
    </ClInclude>
    <ClInclude Include="FFKeyin.h">
      <Filter>Header Files</Filter>
    </ClInclude>
    <ClInclude Include="FileAllocationTable.h">
      <Filter>Header Files</Filter>
    </ClInclude>
    <ClInclude Include="FileSpecification.h">
      <Filter>Header Files</Filter>
    </ClInclude>
    <ClInclude Include="FSKeyin.h">
      <Filter>Header Files</Filter>
    </ClInclude>
    <ClInclude Include="IntrinsicActivity.h">
      <Filter>Header Files</Filter>
    </ClInclude>
    <ClInclude Include="IoActivity.h">
      <Filter>Header Files</Filter>
    </ClInclude>
    <ClInclude Include="IoManager.h">
      <Filter>Header Files</Filter>
    </ClInclude>
    <ClInclude Include="JumpKeyKeyin.h">
      <Filter>Header Files</Filter>
    </ClInclude>
    <ClInclude Include="KeyinActivity.h">
      <Filter>Header Files</Filter>
    </ClInclude>
    <ClInclude Include="MasterConfigurationTable.h">
      <Filter>Header Files</Filter>
    </ClInclude>
    <ClInclude Include="MFDManager.h">
      <Filter>Header Files</Filter>
    </ClInclude>
    <ClInclude Include="MSKeyin.h">
      <Filter>Header Files</Filter>
    </ClInclude>
    <ClInclude Include="NodeTable.h">
      <Filter>Header Files</Filter>
    </ClInclude>
    <ClInclude Include="NonStandardFacilityItem.h">
      <Filter>Header Files</Filter>
    </ClInclude>
    <ClInclude Include="PanelInterface.h">
      <Filter>Header Files</Filter>
    </ClInclude>
    <ClInclude Include="PollActivity.h">
      <Filter>Header Files</Filter>
    </ClInclude>
    <ClInclude Include="PREPKeyin.h">
      <Filter>Header Files</Filter>
    </ClInclude>
    <ClInclude Include="QueueManager.h">
      <Filter>Header Files</Filter>
    </ClInclude>
    <ClInclude Include="RSIActivity.h">
      <Filter>Header Files</Filter>
    </ClInclude>
    <ClInclude Include="RSIManager.h">
      <Filter>Header Files</Filter>
    </ClInclude>
    <ClInclude Include="RSISession.h">
      <Filter>Header Files</Filter>
    </ClInclude>
    <ClInclude Include="RunConditionWord.h">
      <Filter>Header Files</Filter>
    </ClInclude>
    <ClInclude Include="RunInfo.h">
      <Filter>Header Files</Filter>
    </ClInclude>
    <ClInclude Include="RVKeyin.h">
      <Filter>Header Files</Filter>
    </ClInclude>
    <ClInclude Include="SecurityContext.h">
      <Filter>Header Files</Filter>
    </ClInclude>
    <ClInclude Include="SecurityManager.h">
      <Filter>Header Files</Filter>
    </ClInclude>
    <ClInclude Include="SJKeyin.h">
      <Filter>Header Files</Filter>
    </ClInclude>
    <ClInclude Include="SSKeyin.h">
      <Filter>Header Files</Filter>
    </ClInclude>
    <ClInclude Include="StandardFacilityItem.h">
      <Filter>Header Files</Filter>
    </ClInclude>
    <ClInclude Include="SUKeyin.h">
      <Filter>Header Files</Filter>
    </ClInclude>
    <ClInclude Include="SymbiontBuffer.h">
      <Filter>Header Files</Filter>
    </ClInclude>
    <ClInclude Include="TapeFacilityItem.h">
      <Filter>Header Files</Filter>
    </ClInclude>
    <ClInclude Include="Task.h">
      <Filter>Header Files</Filter>
    </ClInclude>
    <ClInclude Include="TIPRunInfo.h">
      <Filter>Header Files</Filter>
    </ClInclude>
    <ClInclude Include="TransparentActivity.h">
      <Filter>Header Files</Filter>
    </ClInclude>
    <ClInclude Include="TransparentCSInterpreter.h">
      <Filter>Header Files</Filter>
    </ClInclude>
    <ClInclude Include="UPKeyin.h">
      <Filter>Header Files</Filter>
    </ClInclude>
    <ClInclude Include="UserRunInfo.h">
      <Filter>Header Files</Filter>
    </ClInclude>
  </ItemGroup>
  <ItemGroup>
    <ClCompile Include="AccountManager.cpp">
      <Filter>Source Files</Filter>
    </ClCompile>
    <ClCompile Include="Activity.cpp">
      <Filter>Source Files</Filter>
    </ClCompile>
    <ClCompile Include="BatchRunInfo.cpp">
      <Filter>Source Files</Filter>
    </ClCompile>
    <ClCompile Include="BootActivity.cpp">
      <Filter>Source Files</Filter>
    </ClCompile>
    <ClCompile Include="CJKeyin.cpp">
      <Filter>Source Files</Filter>
    </ClCompile>
    <ClCompile Include="CoarseSchedulerActivity.cpp">
      <Filter>Source Files</Filter>
    </ClCompile>
    <ClCompile Include="Configuration.cpp">
      <Filter>Source Files</Filter>
    </ClCompile>
    <ClCompile Include="ConsoleActivity.cpp">
      <Filter>Source Files</Filter>
    </ClCompile>
    <ClCompile Include="ConsoleManager.cpp">
      <Filter>Source Files</Filter>
    </ClCompile>
    <ClCompile Include="ControlModeRunInfo.cpp">
      <Filter>Source Files</Filter>
    </ClCompile>
    <ClCompile Include="ControlStatementActivity.cpp">
      <Filter>Source Files</Filter>
    </ClCompile>
    <ClCompile Include="CSInterpreter.cpp">
      <Filter>Source Files</Filter>
    </ClCompile>
    <ClCompile Include="CSKeyin.cpp">
      <Filter>Source Files</Filter>
    </ClCompile>
    <ClCompile Include="DemandActivity.cpp">
      <Filter>Source Files</Filter>
    </ClCompile>
    <ClCompile Include="DemandRunInfo.cpp">
      <Filter>Source Files</Filter>
    </ClCompile>
    <ClCompile Include="DeviceManager.cpp">
      <Filter>Source Files</Filter>
    </ClCompile>
    <ClCompile Include="DiskAllocationTable.cpp">
      <Filter>Source Files</Filter>
    </ClCompile>
    <ClCompile Include="DiskFacilityItem.cpp">
      <Filter>Source Files</Filter>
    </ClCompile>
    <ClCompile Include="DJKeyin.cpp">
      <Filter>Source Files</Filter>
    </ClCompile>
    <ClCompile Include="DNKeyin.cpp">
      <Filter>Source Files</Filter>
    </ClCompile>
    <ClCompile Include="DollarBangKeyin.cpp">
      <Filter>Source Files</Filter>
    </ClCompile>
    <ClCompile Include="DUKeyin.cpp">
      <Filter>Source Files</Filter>
    </ClCompile>
    <ClCompile Include="Exec.cpp">
      <Filter>Source Files</Filter>
    </ClCompile>
    <ClCompile Include="execlib.cpp">
      <Filter>Source Files</Filter>
    </ClCompile>
    <ClCompile Include="ExecManager.cpp">
      <Filter>Source Files</Filter>
    </ClCompile>
    <ClCompile Include="ExecRunInfo.cpp">
      <Filter>Source Files</Filter>
    </ClCompile>
    <ClCompile Include="FacilitiesKeyin.cpp">
      <Filter>Source Files</Filter>
    </ClCompile>
    <ClCompile Include="FacilitiesManager.cpp">
      <Filter>Source Files</Filter>
    </ClCompile>
    <ClCompile Include="FacilitiesManager_ASG.cpp">
      <Filter>Source Files</Filter>
    </ClCompile>
    <ClCompile Include="FacilitiesManager_CAT.cpp">
      <Filter>Source Files</Filter>
    </ClCompile>
    <ClCompile Include="FacilitiesManager_FREE.cpp">
      <Filter>Source Files</Filter>
    </ClCompile>
    <ClCompile Include="FacilityItem.cpp">
      <Filter>Source Files</Filter>
    </ClCompile>
    <ClCompile Include="FFKeyin.cpp">
      <Filter>Source Files</Filter>
    </ClCompile>
    <ClCompile Include="FileAllocationTable.cpp">
      <Filter>Source Files</Filter>
    </ClCompile>
    <ClCompile Include="FileSpecification.cpp">
      <Filter>Source Files</Filter>
    </ClCompile>
    <ClCompile Include="FSKeyin.cpp">
      <Filter>Source Files</Filter>
    </ClCompile>
    <ClCompile Include="IntrinsicActivity.cpp">
      <Filter>Source Files</Filter>
    </ClCompile>
    <ClCompile Include="IoActivity.cpp">
      <Filter>Source Files</Filter>
    </ClCompile>
    <ClCompile Include="IoManager.cpp">
      <Filter>Source Files</Filter>
    </ClCompile>
    <ClCompile Include="JumpKeyKeyin.cpp">
      <Filter>Source Files</Filter>
    </ClCompile>
    <ClCompile Include="KeyinActivity.cpp">
      <Filter>Source Files</Filter>
    </ClCompile>
    <ClCompile Include="MasterConfigurationTable.cpp">
      <Filter>Source Files</Filter>
    </ClCompile>
    <ClCompile Include="MFDManager.cpp">
      <Filter>Source Files</Filter>
    </ClCompile>
    <ClCompile Include="MSKeyin.cpp">
      <Filter>Source Files</Filter>
    </ClCompile>
    <ClCompile Include="NonStandardFacilityItem.cpp">
      <Filter>Source Files</Filter>
    </ClCompile>
    <ClCompile Include="PollActivity.cpp">
      <Filter>Source Files</Filter>
    </ClCompile>
    <ClCompile Include="PREPKeyin.cpp">
      <Filter>Source Files</Filter>
    </ClCompile>
    <ClCompile Include="QueueManager.cpp">
      <Filter>Source Files</Filter>
    </ClCompile>
    <ClCompile Include="RSIActivity.cpp">
      <Filter>Source Files</Filter>
    </ClCompile>
    <ClCompile Include="RSIManager.cpp">
      <Filter>Source Files</Filter>
    </ClCompile>
    <ClCompile Include="RSISession.cpp">
      <Filter>Source Files</Filter>
    </ClCompile>
    <ClCompile Include="RunInfo.cpp">
      <Filter>Source Files</Filter>
    </ClCompile>
    <ClCompile Include="RVKeyin.cpp">
      <Filter>Source Files</Filter>
    </ClCompile>
    <ClCompile Include="SecurityManager.cpp">
      <Filter>Source Files</Filter>
    </ClCompile>
    <ClCompile Include="SJKeyin.cpp">
      <Filter>Source Files</Filter>
    </ClCompile>
    <ClCompile Include="SSKeyin.cpp">
      <Filter>Source Files</Filter>
    </ClCompile>
    <ClCompile Include="StandardFacilityItem.cpp">
      <Filter>Source Files</Filter>
    </ClCompile>
    <ClCompile Include="SUKeyin.cpp">
      <Filter>Source Files</Filter>
    </ClCompile>
    <ClCompile Include="SymbiontBuffer.cpp">
      <Filter>Source Files</Filter>
    </ClCompile>
    <ClCompile Include="TapeFacilityItem.cpp">
      <Filter>Source Files</Filter>
    </ClCompile>
    <ClCompile Include="Task.cpp">
      <Filter>Source Files</Filter>
    </ClCompile>
    <ClCompile Include="TIPRunInfo.cpp">
      <Filter>Source Files</Filter>
    </ClCompile>
    <ClCompile Include="TransparentActivity.cpp">
      <Filter>Source Files</Filter>
    </ClCompile>
    <ClCompile Include="TransparentCSInterpreter.cpp">
      <Filter>Source Files</Filter>
    </ClCompile>
    <ClCompile Include="UPKeyin.cpp">
      <Filter>Source Files</Filter>
    </ClCompile>
    <ClCompile Include="UserRunInfo.cpp">
      <Filter>Source Files</Filter>
    </ClCompile>
  </ItemGroup>
</Project>