<?xml version="1.0" encoding="utf-8"?>
<Project ToolsVersion="4.0" xmlns="http://schemas.microsoft.com/developer/msbuild/2003">
  <ItemGroup>
    <Filter Include="Source Files">
      <UniqueIdentifier>{4FC737F1-C7A5-4376-A066-2A32D752A2FF}</UniqueIdentifier>
      <Extensions>cpp;c;cc;cxx;def;odl;idl;hpj;bat;asm;asmx</Extensions>
    </Filter>
    <Filter Include="Header Files">
      <UniqueIdentifier>{93995380-89BD-4b04-88EB-625FBE52EBFB}</UniqueIdentifier>
      <Extensions>h;hh;hpp;hxx;hm;inl;inc;xsd</Extensions>
    </Filter>
    <Filter Include="Resource Files">
      <UniqueIdentifier>{67DA6AB6-F800-4c08-8B7A-83BB121AAD01}</UniqueIdentifier>
      <Extensions>rc;ico;cur;bmp;dlg;rc2;rct;bin;rgs;gif;jpg;jpeg;jpe;resx;tiff;tif;png;wav;mfcribbon-ms</Extensions>
    </Filter>
  </ItemGroup>
  <ItemGroup>
    <ClInclude Include="JSONArrayFormatException.h">
      <Filter>Header Files</Filter>
    </ClInclude>
    <ClInclude Include="JSONArrayValue.h">
      <Filter>Header Files</Filter>
    </ClInclude>
    <ClInclude Include="JSONAtomicValue.h">
      <Filter>Header Files</Filter>
    </ClInclude>
    <ClInclude Include="JSONBooleanValue.h">
      <Filter>Header Files</Filter>
    </ClInclude>
    <ClInclude Include="JSONCompositeValue.h">
      <Filter>Header Files</Filter>
    </ClInclude>
    <ClInclude Include="JSONConversionException.h">
      <Filter>Header Files</Filter>
    </ClInclude>
    <ClInclude Include="JSONException.h">
      <Filter>Header Files</Filter>
    </ClInclude>
    <ClInclude Include="jsonlib.h">
      <Filter>Header Files</Filter>
    </ClInclude>
    <ClInclude Include="JSONNullValue.h">
      <Filter>Header Files</Filter>
    </ClInclude>
    <ClInclude Include="JSONNumberFormatException.h">
      <Filter>Header Files</Filter>
    </ClInclude>
    <ClInclude Include="JSONNumberValue.h">
      <Filter>Header Files</Filter>
    </ClInclude>
    <ClInclude Include="JSONObjectFormatException.h">
      <Filter>Header Files</Filter>
    </ClInclude>
    <ClInclude Include="JSONObjectValue.h">
      <Filter>Header Files</Filter>
    </ClInclude>
    <ClInclude Include="JSONOutOfTextException.h">
      <Filter>Header Files</Filter>
    </ClInclude>
    <ClInclude Include="JSONParser.h">
      <Filter>Header Files</Filter>
    </ClInclude>
    <ClInclude Include="JSONStringContentException.h">
      <Filter>Header Files</Filter>
    </ClInclude>
    <ClInclude Include="JSONStringEscapeException.h">
      <Filter>Header Files</Filter>
    </ClInclude>
    <ClInclude Include="JSONStringUnterminatedException.h">
      <Filter>Header Files</Filter>
    </ClInclude>
    <ClInclude Include="JSONStringValue.h">
      <Filter>Header Files</Filter>
    </ClInclude>
    <ClInclude Include="JSONTypeException.h">
      <Filter>Header Files</Filter>
    </ClInclude>
    <ClInclude Include="JSONValue.h">
      <Filter>Header Files</Filter>
    </ClInclude>
  </ItemGroup>
  <ItemGroup>
    <ClCompile Include="JSONArrayValue.cpp">
      <Filter>Source Files</Filter>
    </ClCompile>
    <ClCompile Include="JSONBooleanValue.cpp">
      <Filter>Source Files</Filter>
    </ClCompile>
    <ClCompile Include="JSONNullValue.cpp">
      <Filter>Source Files</Filter>
    </ClCompile>
    <ClCompile Include="JSONNumberValue.cpp">
      <Filter>Source Files</Filter>
    </ClCompile>
    <ClCompile Include="JSONObjectValue.cpp">
      <Filter>Source Files</Filter>
    </ClCompile>
    <ClCompile Include="JSONParser.cpp">
      <Filter>Source Files</Filter>
    </ClCompile>
    <ClCompile Include="JSONStringValue.cpp">
      <Filter>Source Files</Filter>
    </ClCompile>
    <ClCompile Include="JSONValue.cpp">
      <Filter>Source Files</Filter>
    </ClCompile>
  </ItemGroup>
</Project>